
Microsoft Visual Studio Solution File, Format Version 12.00
# Visual Studio 15
VisualStudioVersion = 15.0.26730.12
MinimumVisualStudioVersion = 10.0.40219.1
Project("{FAE04EC0-301F-11D3-BF4B-00C04F79EFBC}") = "Program2", "Program2\Program2.csproj", "{A8B8E741-994C-4880-A60B-521D87BE43F0}"
EndProject
Project("{FAE04EC0-301F-11D3-BF4B-00C04F79EFBC}") = "Program1", "Program1\Program1.csproj", "{B44124FC-55C8-4A8E-B437-03975E8A04D7}"
EndProject
Project("{FAE04EC0-301F-11D3-BF4B-00C04F79EFBC}") = "Pipe1", "Pipe1\Pipe1.csproj", "{155C60E8-BF85-490D-A0C2-16380F31172C}"
EndProject
Project("{FAE04EC0-301F-11D3-BF4B-00C04F79EFBC}") = "Pipe2", "Pipe2\Pipe2.csproj", "{62BA4006-3AC2-47CA-856B-BD31A62BDBB6}"
EndProject
Project("{FAE04EC0-301F-11D3-BF4B-00C04F79EFBC}") = "Mutex1", "Mutex1\Mutex1.csproj", "{4A3496E0-9986-4EAE-BAA7-2DBDF0401196}"
EndProject
Global
	GlobalSection(SolutionConfigurationPlatforms) = preSolution
		Debug|Any CPU = Debug|Any CPU
		Release|Any CPU = Release|Any CPU
	EndGlobalSection
	GlobalSection(ProjectConfigurationPlatforms) = postSolution
		{A8B8E741-994C-4880-A60B-521D87BE43F0}.Debug|Any CPU.ActiveCfg = Debug|Any CPU
		{A8B8E741-994C-4880-A60B-521D87BE43F0}.Debug|Any CPU.Build.0 = Debug|Any CPU
		{A8B8E741-994C-4880-A60B-521D87BE43F0}.Release|Any CPU.ActiveCfg = Release|Any CPU
		{A8B8E741-994C-4880-A60B-521D87BE43F0}.Release|Any CPU.Build.0 = Release|Any CPU
		{B44124FC-55C8-4A8E-B437-03975E8A04D7}.Debug|Any CPU.ActiveCfg = Debug|Any CPU
		{B44124FC-55C8-4A8E-B437-03975E8A04D7}.Debug|Any CPU.Build.0 = Debug|Any CPU
		{B44124FC-55C8-4A8E-B437-03975E8A04D7}.Release|Any CPU.ActiveCfg = Release|Any CPU
		{B44124FC-55C8-4A8E-B437-03975E8A04D7}.Release|Any CPU.Build.0 = Release|Any CPU
		{155C60E8-BF85-490D-A0C2-16380F31172C}.Debug|Any CPU.ActiveCfg = Debug|Any CPU
		{155C60E8-BF85-490D-A0C2-16380F31172C}.Debug|Any CPU.Build.0 = Debug|Any CPU
		{155C60E8-BF85-490D-A0C2-16380F31172C}.Release|Any CPU.ActiveCfg = Release|Any CPU
		{155C60E8-BF85-490D-A0C2-16380F31172C}.Release|Any CPU.Build.0 = Release|Any CPU
		{62BA4006-3AC2-47CA-856B-BD31A62BDBB6}.Debug|Any CPU.ActiveCfg = Debug|Any CPU
		{62BA4006-3AC2-47CA-856B-BD31A62BDBB6}.Debug|Any CPU.Build.0 = Debug|Any CPU
		{62BA4006-3AC2-47CA-856B-BD31A62BDBB6}.Release|Any CPU.ActiveCfg = Release|Any CPU
		{62BA4006-3AC2-47CA-856B-BD31A62BDBB6}.Release|Any CPU.Build.0 = Release|Any CPU
		{4A3496E0-9986-4EAE-BAA7-2DBDF0401196}.Debug|Any CPU.ActiveCfg = Debug|Any CPU
		{4A3496E0-9986-4EAE-BAA7-2DBDF0401196}.Debug|Any CPU.Build.0 = Debug|Any CPU
		{4A3496E0-9986-4EAE-BAA7-2DBDF0401196}.Release|Any CPU.ActiveCfg = Release|Any CPU
		{4A3496E0-9986-4EAE-BAA7-2DBDF0401196}.Release|Any CPU.Build.0 = Release|Any CPU
	EndGlobalSection
	GlobalSection(SolutionProperties) = preSolution
		HideSolutionNode = FALSE
	EndGlobalSection
	GlobalSection(ExtensibilityGlobals) = postSolution
		SolutionGuid = {02C23B9B-07B0-4A3A-8934-709654BC863B}
	EndGlobalSection
EndGlobal
